// !$*UTF8*$!
{
	archiveVersion = 1;
	classes = {
	};
	objectVersion = 46;
	objects = {

/* Begin PBXBuildFile section */
		837E3ECB19FC922D00C2CD82 /* AppDelegate.swift in Sources */ = {isa = PBXBuildFile; fileRef = 837E3ECA19FC922D00C2CD82 /* AppDelegate.swift */; };
		837E3ECD19FC922D00C2CD82 /* ViewController.swift in Sources */ = {isa = PBXBuildFile; fileRef = 837E3ECC19FC922D00C2CD82 /* ViewController.swift */; };
		837E3ED019FC922D00C2CD82 /* Main.storyboard in Resources */ = {isa = PBXBuildFile; fileRef = 837E3ECE19FC922D00C2CD82 /* Main.storyboard */; };
		837E3ED219FC922D00C2CD82 /* Images.xcassets in Resources */ = {isa = PBXBuildFile; fileRef = 837E3ED119FC922D00C2CD82 /* Images.xcassets */; };
		837E3ED519FC922D00C2CD82 /* LaunchScreen.xib in Resources */ = {isa = PBXBuildFile; fileRef = 837E3ED319FC922D00C2CD82 /* LaunchScreen.xib */; };
		837E3EE119FC922D00C2CD82 /* postcardTests.swift in Sources */ = {isa = PBXBuildFile; fileRef = 837E3EE019FC922D00C2CD82 /* postcardTests.swift */; };
		837E3EEB19FC9CB200C2CD82 /* SagradaFamilia.jpeg in Resources */ = {isa = PBXBuildFile; fileRef = 837E3EEA19FC9CB200C2CD82 /* SagradaFamilia.jpeg */; };
		8394FF7819FDCA030020278B /* AlbertEinsteinStamp.jpg in Resources */ = {isa = PBXBuildFile; fileRef = 8394FF7719FDCA030020278B /* AlbertEinsteinStamp.jpg */; };
/* End PBXBuildFile section */

/* Begin PBXContainerItemProxy section */
		837E3EDB19FC922D00C2CD82 /* PBXContainerItemProxy */ = {
			isa = PBXContainerItemProxy;
			containerPortal = 837E3EBD19FC922D00C2CD82 /* Project object */;
			proxyType = 1;
			remoteGlobalIDString = 837E3EC419FC922D00C2CD82;
			remoteInfo = postcard;
		};
/* End PBXContainerItemProxy section */

/* Begin PBXFileReference section */
		837E3EC519FC922D00C2CD82 /* postcard.app */ = {isa = PBXFileReference; explicitFileType = wrapper.application; includeInIndex = 0; path = postcard.app; sourceTree = BUILT_PRODUCTS_DIR; };
		837E3EC919FC922D00C2CD82 /* Info.plist */ = {isa = PBXFileReference; lastKnownFileType = text.plist.xml; path = Info.plist; sourceTree = "<group>"; };
		837E3ECA19FC922D00C2CD82 /* AppDelegate.swift */ = {isa = PBXFileReference; lastKnownFileType = sourcecode.swift; path = AppDelegate.swift; sourceTree = "<group>"; };
		837E3ECC19FC922D00C2CD82 /* ViewController.swift */ = {isa = PBXFileReference; lastKnownFileType = sourcecode.swift; path = ViewController.swift; sourceTree = "<group>"; };
		837E3ECF19FC922D00C2CD82 /* Base */ = {isa = PBXFileReference; lastKnownFileType = file.storyboard; name = Base; path = Base.lproj/Main.storyboard; sourceTree = "<group>"; };
		837E3ED119FC922D00C2CD82 /* Images.xcassets */ = {isa = PBXFileReference; lastKnownFileType = folder.assetcatalog; path = Images.xcassets; sourceTree = "<group>"; };
		837E3ED419FC922D00C2CD82 /* Base */ = {isa = PBXFileReference; lastKnownFileType = file.xib; name = Base; path = Base.lproj/LaunchScreen.xib; sourceTree = "<group>"; };
		837E3EDA19FC922D00C2CD82 /* postcardTests.xctest */ = {isa = PBXFileReference; explicitFileType = wrapper.cfbundle; includeInIndex = 0; path = postcardTests.xctest; sourceTree = BUILT_PRODUCTS_DIR; };
		837E3EDF19FC922D00C2CD82 /* Info.plist */ = {isa = PBXFileReference; lastKnownFileType = text.plist.xml; path = Info.plist; sourceTree = "<group>"; };
		837E3EE019FC922D00C2CD82 /* postcardTests.swift */ = {isa = PBXFileReference; lastKnownFileType = sourcecode.swift; path = postcardTests.swift; sourceTree = "<group>"; };
		837E3EEA19FC9CB200C2CD82 /* SagradaFamilia.jpeg */ = {isa = PBXFileReference; lastKnownFileType = image.jpeg; path = SagradaFamilia.jpeg; sourceTree = "<group>"; };
		8394FF7719FDCA030020278B /* AlbertEinsteinStamp.jpg */ = {isa = PBXFileReference; lastKnownFileType = image.jpeg; path = AlbertEinsteinStamp.jpg; sourceTree = "<group>"; };
/* End PBXFileReference section */

/* Begin PBXFrameworksBuildPhase section */
		837E3EC219FC922D00C2CD82 /* Frameworks */ = {
			isa = PBXFrameworksBuildPhase;
			buildActionMask = 2147483647;
			files = (
			);
			runOnlyForDeploymentPostprocessing = 0;
		};
		837E3ED719FC922D00C2CD82 /* Frameworks */ = {
			isa = PBXFrameworksBuildPhase;
			buildActionMask = 2147483647;
			files = (
			);
			runOnlyForDeploymentPostprocessing = 0;
		};
/* End PBXFrameworksBuildPhase section */

/* Begin PBXGroup section */
		837E3EBC19FC922D00C2CD82 = {
			isa = PBXGroup;
			children = (
				837E3EC719FC922D00C2CD82 /* postcard */,
				837E3EDD19FC922D00C2CD82 /* postcardTests */,
				837E3EC619FC922D00C2CD82 /* Products */,
			);
			sourceTree = "<group>";
		};
		837E3EC619FC922D00C2CD82 /* Products */ = {
			isa = PBXGroup;
			children = (
				837E3EC519FC922D00C2CD82 /* postcard.app */,
				837E3EDA19FC922D00C2CD82 /* postcardTests.xctest */,
			);
			name = Products;
			sourceTree = "<group>";
		};
		837E3EC719FC922D00C2CD82 /* postcard */ = {
			isa = PBXGroup;
			children = (
				837E3ECA19FC922D00C2CD82 /* AppDelegate.swift */,
				837E3ECC19FC922D00C2CD82 /* ViewController.swift */,
				837E3ECE19FC922D00C2CD82 /* Main.storyboard */,
				837E3ED119FC922D00C2CD82 /* Images.xcassets */,
				837E3ED319FC922D00C2CD82 /* LaunchScreen.xib */,
				837E3EC819FC922D00C2CD82 /* Supporting Files */,
			);
			path = postcard;
			sourceTree = "<group>";
		};
		837E3EC819FC922D00C2CD82 /* Supporting Files */ = {
			isa = PBXGroup;
			children = (
				8394FF7719FDCA030020278B /* AlbertEinsteinStamp.jpg */,
				837E3EEA19FC9CB200C2CD82 /* SagradaFamilia.jpeg */,
				837E3EC919FC922D00C2CD82 /* Info.plist */,
			);
			name = "Supporting Files";
			sourceTree = "<group>";
		};
		837E3EDD19FC922D00C2CD82 /* postcardTests */ = {
			isa = PBXGroup;
			children = (
				837E3EE019FC922D00C2CD82 /* postcardTests.swift */,
				837E3EDE19FC922D00C2CD82 /* Supporting Files */,
			);
			path = postcardTests;
			sourceTree = "<group>";
		};
		837E3EDE19FC922D00C2CD82 /* Supporting Files */ = {
			isa = PBXGroup;
			children = (
				837E3EDF19FC922D00C2CD82 /* Info.plist */,
			);
			name = "Supporting Files";
			sourceTree = "<group>";
		};
/* End PBXGroup section */

/* Begin PBXNativeTarget section */
		837E3EC419FC922D00C2CD82 /* postcard */ = {
			isa = PBXNativeTarget;
			buildConfigurationList = 837E3EE419FC922D00C2CD82 /* Build configuration list for PBXNativeTarget "postcard" */;
			buildPhases = (
				837E3EC119FC922D00C2CD82 /* Sources */,
				837E3EC219FC922D00C2CD82 /* Frameworks */,
				837E3EC319FC922D00C2CD82 /* Resources */,
			);
			buildRules = (
			);
			dependencies = (
			);
			name = postcard;
			productName = postcard;
			productReference = 837E3EC519FC922D00C2CD82 /* postcard.app */;
			productType = "com.apple.product-type.application";
		};
		837E3ED919FC922D00C2CD82 /* postcardTests */ = {
			isa = PBXNativeTarget;
			buildConfigurationList = 837E3EE719FC922D00C2CD82 /* Build configuration list for PBXNativeTarget "postcardTests" */;
			buildPhases = (
				837E3ED619FC922D00C2CD82 /* Sources */,
				837E3ED719FC922D00C2CD82 /* Frameworks */,
				837E3ED819FC922D00C2CD82 /* Resources */,
			);
			buildRules = (
			);
			dependencies = (
				837E3EDC19FC922D00C2CD82 /* PBXTargetDependency */,
			);
			name = postcardTests;
			productName = postcardTests;
			productReference = 837E3EDA19FC922D00C2CD82 /* postcardTests.xctest */;
			productType = "com.apple.product-type.bundle.unit-test";
		};
/* End PBXNativeTarget section */

/* Begin PBXProject section */
		837E3EBD19FC922D00C2CD82 /* Project object */ = {
			isa = PBXProject;
			attributes = {
				LastUpgradeCheck = 0610;
				ORGANIZATIONNAME = "Chris White";
				TargetAttributes = {
					837E3EC419FC922D00C2CD82 = {
						CreatedOnToolsVersion = 6.1;
					};
					837E3ED919FC922D00C2CD82 = {
						CreatedOnToolsVersion = 6.1;
						TestTargetID = 837E3EC419FC922D00C2CD82;
					};
				};
			};
			buildConfigurationList = 837E3EC019FC922D00C2CD82 /* Build configuration list for PBXProject "postcard" */;
			compatibilityVersion = "Xcode 3.2";
			developmentRegion = English;
			hasScannedForEncodings = 0;
			knownRegions = (
				en,
				Base,
			);
			mainGroup = 837E3EBC19FC922D00C2CD82;
			productRefGroup = 837E3EC619FC922D00C2CD82 /* Products */;
			projectDirPath = "";
			projectRoot = "";
			targets = (
				837E3EC419FC922D00C2CD82 /* postcard */,
				837E3ED919FC922D00C2CD82 /* postcardTests */,
			);
		};
/* End PBXProject section */

/* Begin PBXResourcesBuildPhase section */
		837E3EC319FC922D00C2CD82 /* Resources */ = {
			isa = PBXResourcesBuildPhase;
			buildActionMask = 2147483647;
			files = (
				837E3ED019FC922D00C2CD82 /* Main.storyboard in Resources */,
				837E3EEB19FC9CB200C2CD82 /* SagradaFamilia.jpeg in Resources */,
				8394FF7819FDCA030020278B /* AlbertEinsteinStamp.jpg in Resources */,
				837E3ED519FC922D00C2CD82 /* LaunchScreen.xib in Resources */,
				837E3ED219FC922D00C2CD82 /* Images.xcassets in Resources */,
			);
			runOnlyForDeploymentPostprocessing = 0;
		};
		837E3ED819FC922D00C2CD82 /* Resources */ = {
			isa = PBXResourcesBuildPhase;
			buildActionMask = 2147483647;
			files = (
			);
			runOnlyForDeploymentPostprocessing = 0;
		};
/* End PBXResourcesBuildPhase section */

/* Begin PBXSourcesBuildPhase section */
		837E3EC119FC922D00C2CD82 /* Sources */ = {
			isa = PBXSourcesBuildPhase;
			buildActionMask = 2147483647;
			files = (
				837E3ECD19FC922D00C2CD82 /* ViewController.swift in Sources */,
				837E3ECB19FC922D00C2CD82 /* AppDelegate.swift in Sources */,
			);
			runOnlyForDeploymentPostprocessing = 0;
		};
		837E3ED619FC922D00C2CD82 /* Sources */ = {
			isa = PBXSourcesBuildPhase;
			buildActionMask = 2147483647;
			files = (
				837E3EE119FC922D00C2CD82 /* postcardTests.swift in Sources */,
			);
			runOnlyForDeploymentPostprocessing = 0;
		};
/* End PBXSourcesBuildPhase section */

/* Begin PBXTargetDependency section */
		837E3EDC19FC922D00C2CD82 /* PBXTargetDependency */ = {
			isa = PBXTargetDependency;
			target = 837E3EC419FC922D00C2CD82 /* postcard */;
			targetProxy = 837E3EDB19FC922D00C2CD82 /* PBXContainerItemProxy */;
		};
/* End PBXTargetDependency section */

/* Begin PBXVariantGroup section */
		837E3ECE19FC922D00C2CD82 /* Main.storyboard */ = {
			isa = PBXVariantGroup;
			children = (
				837E3ECF19FC922D00C2CD82 /* Base */,
			);
			name = Main.storyboard;
			sourceTree = "<group>";
		};
		837E3ED319FC922D00C2CD82 /* LaunchScreen.xib */ = {
			isa = PBXVariantGroup;
			children = (
				837E3ED419FC922D00C2CD82 /* Base */,
			);
			name = LaunchScreen.xib;
			sourceTree = "<group>";
		};
/* End PBXVariantGroup section */

/* Begin XCBuildConfiguration section */
		837E3EE219FC922D00C2CD82 /* Debug */ = {
			isa = XCBuildConfiguration;
			buildSettings = {
				ALWAYS_SEARCH_USER_PATHS = NO;
				CLANG_CXX_LANGUAGE_STANDARD = "gnu++0x";
				CLANG_CXX_LIBRARY = "libc++";
				CLANG_ENABLE_MODULES = YES;
				CLANG_ENABLE_OBJC_ARC = YES;
				CLANG_WARN_BOOL_CONVERSION = YES;
				CLANG_WARN_CONSTANT_CONVERSION = YES;
				CLANG_WARN_DIRECT_OBJC_ISA_USAGE = YES_ERROR;
				CLANG_WARN_EMPTY_BODY = YES;
				CLANG_WARN_ENUM_CONVERSION = YES;
				CLANG_WARN_INT_CONVERSION = YES;
				CLANG_WARN_OBJC_ROOT_CLASS = YES_ERROR;
				CLANG_WARN_UNREACHABLE_CODE = YES;
				CLANG_WARN__DUPLICATE_METHOD_MATCH = YES;
				"CODE_SIGN_IDENTITY[sdk=iphoneos*]" = "iPhone Developer";
				COPY_PHASE_STRIP = NO;
				ENABLE_STRICT_OBJC_MSGSEND = YES;
				GCC_C_LANGUAGE_STANDARD = gnu99;
				GCC_DYNAMIC_NO_PIC = NO;
				GCC_OPTIMIZATION_LEVEL = 0;
				GCC_PREPROCESSOR_DEFINITIONS = (
					"DEBUG=1",
					"$(inherited)",
				);
				GCC_SYMBOLS_PRIVATE_EXTERN = NO;
				GCC_WARN_64_TO_32_BIT_CONVERSION = YES;
				GCC_WARN_ABOUT_RETURN_TYPE = YES_ERROR;
				GCC_WARN_UNDECLARED_SELECTOR = YES;
				GCC_WARN_UNINITIALIZED_AUTOS = YES_AGGRESSIVE;
				GCC_WARN_UNUSED_FUNCTION = YES;
				GCC_WARN_UNUSED_VARIABLE = YES;
				IPHONEOS_DEPLOYMENT_TARGET = 8.1;
				MTL_ENABLE_DEBUG_INFO = YES;
				ONLY_ACTIVE_ARCH = YES;
				SDKROOT = iphoneos;
				SWIFT_OPTIMIZATION_LEVEL = "-Onone";
				TARGETED_DEVICE_FAMILY = "1,2";
			};
			name = Debug;
		};
		837E3EE319FC922D00C2CD82 /* Release */ = {
			isa = XCBuildConfiguration;
			buildSettings = {
				ALWAYS_SEARCH_USER_PATHS = NO;
				CLANG_CXX_LANGUAGE_STANDARD = "gnu++0x";
				CLANG_CXX_LIBRARY = "libc++";
				CLANG_ENABLE_MODULES = YES;
				CLANG_ENABLE_OBJC_ARC = YES;
				CLANG_WARN_BOOL_CONVERSION = YES;
				CLANG_WARN_CONSTANT_CONVERSION = YES;
				CLANG_WARN_DIRECT_OBJC_ISA_USAGE = YES_ERROR;
				CLANG_WARN_EMPTY_BODY = YES;
				CLANG_WARN_ENUM_CONVERSION = YES;
				CLANG_WARN_INT_CONVERSION = YES;
				CLANG_WARN_OBJC_ROOT_CLASS = YES_ERROR;
				CLANG_WARN_UNREACHABLE_CODE = YES;
				CLANG_WARN__DUPLICATE_METHOD_MATCH = YES;
				"CODE_SIGN_IDENTITY[sdk=iphoneos*]" = "iPhone Developer";
				COPY_PHASE_STRIP = YES;
				ENABLE_NS_ASSERTIONS = NO;
				ENABLE_STRICT_OBJC_MSGSEND = YES;
				GCC_C_LANGUAGE_STANDARD = gnu99;
				GCC_WARN_64_TO_32_BIT_CONVERSION = YES;
				GCC_WARN_ABOUT_RETURN_TYPE = YES_ERROR;
				GCC_WARN_UNDECLARED_SELECTOR = YES;
				GCC_WARN_UNINITIALIZED_AUTOS = YES_AGGRESSIVE;
				GCC_WARN_UNUSED_FUNCTION = YES;
				GCC_WARN_UNUSED_VARIABLE = YES;
				IPHONEOS_DEPLOYMENT_TARGET = 8.1;
				MTL_ENABLE_DEBUG_INFO = NO;
				SDKROOT = iphoneos;
				TARGETED_DEVICE_FAMILY = "1,2";
				VALIDATE_PRODUCT = YES;
			};
			name = Release;
		};
		837E3EE519FC922D00C2CD82 /* Debug */ = {
			isa = XCBuildConfiguration;
			buildSettings = {
				ASSETCATALOG_COMPILER_APPICON_NAME = AppIcon;
				INFOPLIST_FILE = postcard/Info.plist;
				LD_RUNPATH_SEARCH_PATHS = "$(inherited) @executable_path/Frameworks";
				PRODUCT_NAME = "$(TARGET_NAME)";
			};
			name = Debug;
		};
		837E3EE619FC922D00C2CD82 /* Release */ = {
			isa = XCBuildConfiguration;
			buildSettings = {
				ASSETCATALOG_COMPILER_APPICON_NAME = AppIcon;
				INFOPLIST_FILE = postcard/Info.plist;
				LD_RUNPATH_SEARCH_PATHS = "$(inherited) @executable_path/Frameworks";
				PRODUCT_NAME = "$(TARGET_NAME)";
			};
			name = Release;
		};
		837E3EE819FC922D00C2CD82 /* Debug */ = {
			isa = XCBuildConfiguration;
			buildSettings = {
				BUNDLE_LOADER = "$(TEST_HOST)";
				FRAMEWORK_SEARCH_PATHS = (
					"$(SDKROOT)/Developer/Library/Frameworks",
					"$(inherited)",
				);
				GCC_PREPROCESSOR_DEFINITIONS = (
					"DEBUG=1",
					"$(inherited)",
				);
				INFOPLIST_FILE = postcardTests/Info.plist;
				LD_RUNPATH_SEARCH_PATHS = "$(inherited) @executable_path/Frameworks @loader_path/Frameworks";
				PRODUCT_NAME = "$(TARGET_NAME)";
				TEST_HOST = "$(BUILT_PRODUCTS_DIR)/postcard.app/postcard";
			};
			name = Debug;
		};
		837E3EE919FC922D00C2CD82 /* Release */ = {
			isa = XCBuildConfiguration;
			buildSettings = {
				BUNDLE_LOADER = "$(TEST_HOST)";
				FRAMEWORK_SEARCH_PATHS = (
					"$(SDKROOT)/Developer/Library/Frameworks",
					"$(inherited)",
				);
				INFOPLIST_FILE = postcardTests/Info.plist;
				LD_RUNPATH_SEARCH_PATHS = "$(inherited) @executable_path/Frameworks @loader_path/Frameworks";
				PRODUCT_NAME = "$(TARGET_NAME)";
				TEST_HOST = "$(BUILT_PRODUCTS_DIR)/postcard.app/postcard";
			};
			name = Release;
		};
/* End XCBuildConfiguration section */

/* Begin XCConfigurationList section */
		837E3EC019FC922D00C2CD82 /* Build configuration list for PBXProject "postcard" */ = {
			isa = XCConfigurationList;
			buildConfigurations = (
				837E3EE219FC922D00C2CD82 /* Debug */,
				837E3EE319FC922D00C2CD82 /* Release */,
			);
			defaultConfigurationIsVisible = 0;
			defaultConfigurationName = Release;
		};
		837E3EE419FC922D00C2CD82 /* Build configuration list for PBXNativeTarget "postcard" */ = {
			isa = XCConfigurationList;
			buildConfigurations = (
				837E3EE519FC922D00C2CD82 /* Debug */,
				837E3EE619FC922D00C2CD82 /* Release */,
			);
			defaultConfigurationIsVisible = 0;
			defaultConfigurationName = Release;
		};
		837E3EE719FC922D00C2CD82 /* Build configuration list for PBXNativeTarget "postcardTests" */ = {
			isa = XCConfigurationList;
			buildConfigurations = (
				837E3EE819FC922D00C2CD82 /* Debug */,
				837E3EE919FC922D00C2CD82 /* Release */,
			);
			defaultConfigurationIsVisible = 0;
			defaultConfigurationName = Release;
		};
/* End XCConfigurationList section */
	};
	rootObject = 837E3EBD19FC922D00C2CD82 /* Project object */;
}
